
Microsoft Visual Studio Solution File, Format Version 12.00
# Visual Studio Version 17
VisualStudioVersion = 17.0.31903.59
MinimumVisualStudioVersion = 10.0.40219.1
Project("{FAE04EC0-301F-11D3-BF4B-00C04F79EFBC}") = "Service", "ServiceApi\Service.csproj", "{007B6C25-0150-4B49-943F-F25B69482E21}"
EndProject
Project("{FAE04EC0-301F-11D3-BF4B-00C04F79EFBC}") = "Data", "Data\Data.csproj", "{30B834F5-764F-4595-AE90-F84A2BC6F039}"
EndProject
Project("{FAE04EC0-301F-11D3-BF4B-00C04F79EFBC}") = "Application", "Application\Application.csproj", "{3896F242-ADE2-4AE9-A720-75331EB52D44}"
EndProject
Project("{FAE04EC0-301F-11D3-BF4B-00C04F79EFBC}") = "Infrastructure", "Infrastructure\Infrastructure.csproj", "{C7FE476E-287D-40D5-B844-3A015DF7C2DF}"
EndProject
Global
	GlobalSection(SolutionConfigurationPlatforms) = preSolution
		Debug|Any CPU = Debug|Any CPU
		Release|Any CPU = Release|Any CPU
	EndGlobalSection
	GlobalSection(SolutionProperties) = preSolution
		HideSolutionNode = FALSE
	EndGlobalSection
	GlobalSection(ProjectConfigurationPlatforms) = postSolution
		{007B6C25-0150-4B49-943F-F25B69482E21}.Debug|Any CPU.ActiveCfg = Debug|Any CPU
		{007B6C25-0150-4B49-943F-F25B69482E21}.Debug|Any CPU.Build.0 = Debug|Any CPU
		{007B6C25-0150-4B49-943F-F25B69482E21}.Release|Any CPU.ActiveCfg = Release|Any CPU
		{007B6C25-0150-4B49-943F-F25B69482E21}.Release|Any CPU.Build.0 = Release|Any CPU
		{30B834F5-764F-4595-AE90-F84A2BC6F039}.Debug|Any CPU.ActiveCfg = Debug|Any CPU
		{30B834F5-764F-4595-AE90-F84A2BC6F039}.Debug|Any CPU.Build.0 = Debug|Any CPU
		{30B834F5-764F-4595-AE90-F84A2BC6F039}.Release|Any CPU.ActiveCfg = Release|Any CPU
		{30B834F5-764F-4595-AE90-F84A2BC6F039}.Release|Any CPU.Build.0 = Release|Any CPU
		{3896F242-ADE2-4AE9-A720-75331EB52D44}.Debug|Any CPU.ActiveCfg = Debug|Any CPU
		{3896F242-ADE2-4AE9-A720-75331EB52D44}.Debug|Any CPU.Build.0 = Debug|Any CPU
		{3896F242-ADE2-4AE9-A720-75331EB52D44}.Release|Any CPU.ActiveCfg = Release|Any CPU
		{3896F242-ADE2-4AE9-A720-75331EB52D44}.Release|Any CPU.Build.0 = Release|Any CPU
		{C7FE476E-287D-40D5-B844-3A015DF7C2DF}.Debug|Any CPU.ActiveCfg = Debug|Any CPU
		{C7FE476E-287D-40D5-B844-3A015DF7C2DF}.Debug|Any CPU.Build.0 = Debug|Any CPU
		{C7FE476E-287D-40D5-B844-3A015DF7C2DF}.Release|Any CPU.ActiveCfg = Release|Any CPU
		{C7FE476E-287D-40D5-B844-3A015DF7C2DF}.Release|Any CPU.Build.0 = Release|Any CPU
	EndGlobalSection
EndGlobal
